
Microsoft Visual Studio Solution File, Format Version 12.00
# Visual Studio 14
VisualStudioVersion = 14.0.23107.0
MinimumVisualStudioVersion = 10.0.40219.1
Project("{FAE04EC0-301F-11D3-BF4B-00C04F79EFBC}") = "KinectDrawing", "KinectDrawing\KinectDrawing.csproj", "{E3F7B08E-6FBC-4553-B732-46634D8D63DF}"
EndProject
Global
	GlobalSection(SolutionConfigurationPlatforms) = preSolution
		Debug|Any CPU = Debug|Any CPU
		Release|Any CPU = Release|Any CPU
	EndGlobalSection
	GlobalSection(ProjectConfigurationPlatforms) = postSolution
		{E3F7B08E-6FBC-4553-B732-46634D8D63DF}.Debug|Any CPU.ActiveCfg = Debug|Any CPU
		{E3F7B08E-6FBC-4553-B732-46634D8D63DF}.Debug|Any CPU.Build.0 = Debug|Any CPU
		{E3F7B08E-6FBC-4553-B732-46634D8D63DF}.Release|Any CPU.ActiveCfg = Release|Any CPU
		{E3F7B08E-6FBC-4553-B732-46634D8D63DF}.Release|Any CPU.Build.0 = Release|Any CPU
	EndGlobalSection
	GlobalSection(SolutionProperties) = preSolution
		HideSolutionNode = FALSE
	EndGlobalSection
EndGlobal
